
Microsoft Visual Studio Solution File, Format Version 12.00
# Visual Studio Version 18
VisualStudioVersion = 18.1.11312.151
MinimumVisualStudioVersion = 10.0.40219.1
Project("{FAE04EC0-301F-11D3-BF4B-00C04F79EFBC}") = "Silmoon.ScriptEngine", "Silmoon.ScriptEngine\Silmoon.ScriptEngine.csproj", "{959785E0-BBA2-4289-841A-229CE0DD47C5}"
EndProject
Project("{2150E333-8FDC-42A3-9474-1A3956D46DE8}") = "Testing", "Testing", "{CD2DD9B2-53A1-4F71-8624-E0E05937BE73}"
EndProject
Project("{FAE04EC0-301F-11D3-BF4B-00C04F79EFBC}") = "Silmoon.ScriptEngine.ServiceHostTesting", "Silmoon.ScriptEngine.ServiceHostTesting\Silmoon.ScriptEngine.ServiceHostTesting.csproj", "{0624426E-754B-43EE-A6AB-FEF87EB9D549}"
EndProject
Project("{2150E333-8FDC-42A3-9474-1A3956D46DE8}") = "解决方案项", "解决方案项", "{D688F86D-63E9-4B92-AC0B-C3DB806F5341}"
	ProjectSection(SolutionItems) = preProject
		.gitattributes = .gitattributes
		.gitignore = .gitignore
		LICENSE.txt = LICENSE.txt
		README.md = README.md
	EndProjectSection
EndProject
Project("{FAE04EC0-301F-11D3-BF4B-00C04F79EFBC}") = "AutoTradingFrameworks", "AutoTradingFrameworks\AutoTradingFrameworks.csproj", "{58939C28-9CB3-4FF6-BD90-325696FC7C16}"
EndProject
Project("{FAE04EC0-301F-11D3-BF4B-00C04F79EFBC}") = "AutoTradingScripts", "AutoTradingScripts\AutoTradingScripts.csproj", "{C67EA20F-F56B-45BE-B486-73EC30665443}"
EndProject
Project("{FAE04EC0-301F-11D3-BF4B-00C04F79EFBC}") = "Silmoon.ScriptEngine.Cli", "Silmoon.ScriptEngine.Cli\Silmoon.ScriptEngine.Cli.csproj", "{DCC7D4AC-DF5E-47DF-AE2E-F624CDAA8773}"
EndProject
Project("{FAE04EC0-301F-11D3-BF4B-00C04F79EFBC}") = "ScriptEngine.Testing", "ScriptEngine.Testing\ScriptEngine.Testing.csproj", "{32CC02FB-EEC0-D875-9CCC-B7DDCC799181}"
EndProject
Project("{FAE04EC0-301F-11D3-BF4B-00C04F79EFBC}") = "ScriptEngine.TestingCode", "ScriptEngine.TestingCode\ScriptEngine.TestingCode.csproj", "{D9FD5345-C877-9F2B-5EEE-7D16EB47CF83}"
EndProject
Project("{2150E333-8FDC-42A3-9474-1A3956D46DE8}") = "AutoTradingTesting", "AutoTradingTesting", "{31A89A28-25B0-490B-89DF-9EA17187B96E}"
EndProject
Global
	GlobalSection(SolutionConfigurationPlatforms) = preSolution
		Debug|Any CPU = Debug|Any CPU
		Release|Any CPU = Release|Any CPU
	EndGlobalSection
	GlobalSection(ProjectConfigurationPlatforms) = postSolution
		{959785E0-BBA2-4289-841A-229CE0DD47C5}.Debug|Any CPU.ActiveCfg = Debug|Any CPU
		{959785E0-BBA2-4289-841A-229CE0DD47C5}.Debug|Any CPU.Build.0 = Debug|Any CPU
		{959785E0-BBA2-4289-841A-229CE0DD47C5}.Release|Any CPU.ActiveCfg = Release|Any CPU
		{959785E0-BBA2-4289-841A-229CE0DD47C5}.Release|Any CPU.Build.0 = Release|Any CPU
		{0624426E-754B-43EE-A6AB-FEF87EB9D549}.Debug|Any CPU.ActiveCfg = Debug|Any CPU
		{0624426E-754B-43EE-A6AB-FEF87EB9D549}.Debug|Any CPU.Build.0 = Debug|Any CPU
		{0624426E-754B-43EE-A6AB-FEF87EB9D549}.Release|Any CPU.ActiveCfg = Release|Any CPU
		{0624426E-754B-43EE-A6AB-FEF87EB9D549}.Release|Any CPU.Build.0 = Release|Any CPU
		{58939C28-9CB3-4FF6-BD90-325696FC7C16}.Debug|Any CPU.ActiveCfg = Debug|Any CPU
		{58939C28-9CB3-4FF6-BD90-325696FC7C16}.Debug|Any CPU.Build.0 = Debug|Any CPU
		{58939C28-9CB3-4FF6-BD90-325696FC7C16}.Release|Any CPU.ActiveCfg = Release|Any CPU
		{58939C28-9CB3-4FF6-BD90-325696FC7C16}.Release|Any CPU.Build.0 = Release|Any CPU
		{C67EA20F-F56B-45BE-B486-73EC30665443}.Debug|Any CPU.ActiveCfg = Debug|Any CPU
		{C67EA20F-F56B-45BE-B486-73EC30665443}.Debug|Any CPU.Build.0 = Debug|Any CPU
		{C67EA20F-F56B-45BE-B486-73EC30665443}.Release|Any CPU.ActiveCfg = Release|Any CPU
		{C67EA20F-F56B-45BE-B486-73EC30665443}.Release|Any CPU.Build.0 = Release|Any CPU
		{DCC7D4AC-DF5E-47DF-AE2E-F624CDAA8773}.Debug|Any CPU.ActiveCfg = Debug|Any CPU
		{DCC7D4AC-DF5E-47DF-AE2E-F624CDAA8773}.Debug|Any CPU.Build.0 = Debug|Any CPU
		{DCC7D4AC-DF5E-47DF-AE2E-F624CDAA8773}.Release|Any CPU.ActiveCfg = Release|Any CPU
		{DCC7D4AC-DF5E-47DF-AE2E-F624CDAA8773}.Release|Any CPU.Build.0 = Release|Any CPU
		{32CC02FB-EEC0-D875-9CCC-B7DDCC799181}.Debug|Any CPU.ActiveCfg = Debug|Any CPU
		{32CC02FB-EEC0-D875-9CCC-B7DDCC799181}.Debug|Any CPU.Build.0 = Debug|Any CPU
		{32CC02FB-EEC0-D875-9CCC-B7DDCC799181}.Release|Any CPU.ActiveCfg = Release|Any CPU
		{32CC02FB-EEC0-D875-9CCC-B7DDCC799181}.Release|Any CPU.Build.0 = Release|Any CPU
		{D9FD5345-C877-9F2B-5EEE-7D16EB47CF83}.Debug|Any CPU.ActiveCfg = Debug|Any CPU
		{D9FD5345-C877-9F2B-5EEE-7D16EB47CF83}.Debug|Any CPU.Build.0 = Debug|Any CPU
		{D9FD5345-C877-9F2B-5EEE-7D16EB47CF83}.Release|Any CPU.ActiveCfg = Release|Any CPU
		{D9FD5345-C877-9F2B-5EEE-7D16EB47CF83}.Release|Any CPU.Build.0 = Release|Any CPU
	EndGlobalSection
	GlobalSection(SolutionProperties) = preSolution
		HideSolutionNode = FALSE
	EndGlobalSection
	GlobalSection(NestedProjects) = preSolution
		{0624426E-754B-43EE-A6AB-FEF87EB9D549} = {31A89A28-25B0-490B-89DF-9EA17187B96E}
		{58939C28-9CB3-4FF6-BD90-325696FC7C16} = {31A89A28-25B0-490B-89DF-9EA17187B96E}
		{C67EA20F-F56B-45BE-B486-73EC30665443} = {31A89A28-25B0-490B-89DF-9EA17187B96E}
		{32CC02FB-EEC0-D875-9CCC-B7DDCC799181} = {CD2DD9B2-53A1-4F71-8624-E0E05937BE73}
		{D9FD5345-C877-9F2B-5EEE-7D16EB47CF83} = {CD2DD9B2-53A1-4F71-8624-E0E05937BE73}
	EndGlobalSection
	GlobalSection(ExtensibilityGlobals) = postSolution
		SolutionGuid = {D69BD22F-BE34-4549-ACC6-9FE4041F1431}
	EndGlobalSection
EndGlobal
